
Microsoft Visual Studio Solution File, Format Version 12.00
# Visual Studio Version 18
VisualStudioVersion = 18.4.11626.88
MinimumVisualStudioVersion = 10.0.40219.1
Project("{FAE04EC0-301F-11D3-BF4B-00C04F79EFBC}") = "API", "API\API.csproj", "{1597C623-766C-4EFD-B253-E193B6FA6121}"
EndProject
Project("{FAE04EC0-301F-11D3-BF4B-00C04F79EFBC}") = "Application", "Application\Application.csproj", "{5E12472B-16CC-4244-A0EE-B489FF82BCF4}"
EndProject
Project("{FAE04EC0-301F-11D3-BF4B-00C04F79EFBC}") = "Domain", "Domain\Domain.csproj", "{3D696CBD-D472-444C-BCD6-93D16650F27D}"
EndProject
Project("{FAE04EC0-301F-11D3-BF4B-00C04F79EFBC}") = "Persistence", "Persistence\Persistence.csproj", "{7A698D84-7DE1-4F0A-9C65-C3528029FA9C}"
EndProject
Project("{FAE04EC0-301F-11D3-BF4B-00C04F79EFBC}") = "Infrasructure", "Infrasructure\Infrasructure.csproj", "{1E3C33BB-D614-4550-94C2-735655E5C3C2}"
EndProject
Global
	GlobalSection(SolutionConfigurationPlatforms) = preSolution
		Debug|Any CPU = Debug|Any CPU
		Release|Any CPU = Release|Any CPU
	EndGlobalSection
	GlobalSection(ProjectConfigurationPlatforms) = postSolution
		{1597C623-766C-4EFD-B253-E193B6FA6121}.Debug|Any CPU.ActiveCfg = Debug|Any CPU
		{1597C623-766C-4EFD-B253-E193B6FA6121}.Debug|Any CPU.Build.0 = Debug|Any CPU
		{1597C623-766C-4EFD-B253-E193B6FA6121}.Release|Any CPU.ActiveCfg = Release|Any CPU
		{1597C623-766C-4EFD-B253-E193B6FA6121}.Release|Any CPU.Build.0 = Release|Any CPU
		{5E12472B-16CC-4244-A0EE-B489FF82BCF4}.Debug|Any CPU.ActiveCfg = Debug|Any CPU
		{5E12472B-16CC-4244-A0EE-B489FF82BCF4}.Debug|Any CPU.Build.0 = Debug|Any CPU
		{5E12472B-16CC-4244-A0EE-B489FF82BCF4}.Release|Any CPU.ActiveCfg = Release|Any CPU
		{5E12472B-16CC-4244-A0EE-B489FF82BCF4}.Release|Any CPU.Build.0 = Release|Any CPU
		{3D696CBD-D472-444C-BCD6-93D16650F27D}.Debug|Any CPU.ActiveCfg = Debug|Any CPU
		{3D696CBD-D472-444C-BCD6-93D16650F27D}.Debug|Any CPU.Build.0 = Debug|Any CPU
		{3D696CBD-D472-444C-BCD6-93D16650F27D}.Release|Any CPU.ActiveCfg = Release|Any CPU
		{3D696CBD-D472-444C-BCD6-93D16650F27D}.Release|Any CPU.Build.0 = Release|Any CPU
		{7A698D84-7DE1-4F0A-9C65-C3528029FA9C}.Debug|Any CPU.ActiveCfg = Debug|Any CPU
		{7A698D84-7DE1-4F0A-9C65-C3528029FA9C}.Debug|Any CPU.Build.0 = Debug|Any CPU
		{7A698D84-7DE1-4F0A-9C65-C3528029FA9C}.Release|Any CPU.ActiveCfg = Release|Any CPU
		{7A698D84-7DE1-4F0A-9C65-C3528029FA9C}.Release|Any CPU.Build.0 = Release|Any CPU
		{1E3C33BB-D614-4550-94C2-735655E5C3C2}.Debug|Any CPU.ActiveCfg = Debug|Any CPU
		{1E3C33BB-D614-4550-94C2-735655E5C3C2}.Debug|Any CPU.Build.0 = Debug|Any CPU
		{1E3C33BB-D614-4550-94C2-735655E5C3C2}.Release|Any CPU.ActiveCfg = Release|Any CPU
		{1E3C33BB-D614-4550-94C2-735655E5C3C2}.Release|Any CPU.Build.0 = Release|Any CPU
	EndGlobalSection
	GlobalSection(SolutionProperties) = preSolution
		HideSolutionNode = FALSE
	EndGlobalSection
	GlobalSection(ExtensibilityGlobals) = postSolution
		SolutionGuid = {CD9A7FCA-4298-442D-B616-2A1186F16495}
	EndGlobalSection
EndGlobal
